
Microsoft Visual Studio Solution File, Format Version 12.00
# Visual Studio Version 17
VisualStudioVersion = 17.4.33205.214
MinimumVisualStudioVersion = 10.0.40219.1
Project("{FAE04EC0-301F-11D3-BF4B-00C04F79EFBC}") = "ExampleOnInheritance", "ExampleOnInheritance\ExampleOnInheritance.csproj", "{B9DABDF2-BAA3-4F32-BCC8-97189C4169D9}"
EndProject
Global
	GlobalSection(SolutionConfigurationPlatforms) = preSolution
		Debug|Any CPU = Debug|Any CPU
		Release|Any CPU = Release|Any CPU
	EndGlobalSection
	GlobalSection(ProjectConfigurationPlatforms) = postSolution
		{B9DABDF2-BAA3-4F32-BCC8-97189C4169D9}.Debug|Any CPU.ActiveCfg = Debug|Any CPU
		{B9DABDF2-BAA3-4F32-BCC8-97189C4169D9}.Debug|Any CPU.Build.0 = Debug|Any CPU
		{B9DABDF2-BAA3-4F32-BCC8-97189C4169D9}.Release|Any CPU.ActiveCfg = Release|Any CPU
		{B9DABDF2-BAA3-4F32-BCC8-97189C4169D9}.Release|Any CPU.Build.0 = Release|Any CPU
	EndGlobalSection
	GlobalSection(SolutionProperties) = preSolution
		HideSolutionNode = FALSE
	EndGlobalSection
	GlobalSection(ExtensibilityGlobals) = postSolution
		SolutionGuid = {D9D7CF6C-C819-4FA1-A992-5410C5479EB1}
	EndGlobalSection
EndGlobal
